// !$*UTF8*$!
{
	archiveVersion = 1;
	classes = {
	};
	objectVersion = 46;
	objects = {

/* Begin PBXBuildFile section */
		2BA1B9F01BDF89280023D4A0 /* main.m in Sources */ = {isa = PBXBuildFile; fileRef = 2BA1B9EF1BDF89280023D4A0 /* main.m */; };
		2BA1B9F31BDF89280023D4A0 /* AppDelegate.m in Sources */ = {isa = PBXBuildFile; fileRef = 2BA1B9F21BDF89280023D4A0 /* AppDelegate.m */; };
		2BA1B9F61BDF89280023D4A0 /* Flea_POP.xcdatamodeld in Sources */ = {isa = PBXBuildFile; fileRef = 2BA1B9F41BDF89280023D4A0 /* Flea_POP.xcdatamodeld */; };
		2BA1B9F91BDF89280023D4A0 /* MasterViewController.m in Sources */ = {isa = PBXBuildFile; fileRef = 2BA1B9F81BDF89280023D4A0 /* MasterViewController.m */; };
		2BA1B9FC1BDF89280023D4A0 /* DetailViewController.m in Sources */ = {isa = PBXBuildFile; fileRef = 2BA1B9FB1BDF89280023D4A0 /* DetailViewController.m */; };
		2BA1B9FF1BDF89280023D4A0 /* Main.storyboard in Resources */ = {isa = PBXBuildFile; fileRef = 2BA1B9FD1BDF89280023D4A0 /* Main.storyboard */; };
		2BA1BA011BDF89280023D4A0 /* Assets.xcassets in Resources */ = {isa = PBXBuildFile; fileRef = 2BA1BA001BDF89280023D4A0 /* Assets.xcassets */; };
		2BA1BA041BDF89280023D4A0 /* LaunchScreen.storyboard in Resources */ = {isa = PBXBuildFile; fileRef = 2BA1BA021BDF89280023D4A0 /* LaunchScreen.storyboard */; };
		2BA1BA0F1BDF89280023D4A0 /* Flea_POPTests.m in Sources */ = {isa = PBXBuildFile; fileRef = 2BA1BA0E1BDF89280023D4A0 /* Flea_POPTests.m */; };
		2BA1BA1A1BDF89280023D4A0 /* Flea_POPUITests.m in Sources */ = {isa = PBXBuildFile; fileRef = 2BA1BA191BDF89280023D4A0 /* Flea_POPUITests.m */; };
/* End PBXBuildFile section */

/* Begin PBXContainerItemProxy section */
		2BA1BA0B1BDF89280023D4A0 /* PBXContainerItemProxy */ = {
			isa = PBXContainerItemProxy;
			containerPortal = 2BA1B9E31BDF89270023D4A0 /* Project object */;
			proxyType = 1;
			remoteGlobalIDString = 2BA1B9EA1BDF89280023D4A0;
			remoteInfo = "Flea POP";
		};
		2BA1BA161BDF89280023D4A0 /* PBXContainerItemProxy */ = {
			isa = PBXContainerItemProxy;
			containerPortal = 2BA1B9E31BDF89270023D4A0 /* Project object */;
			proxyType = 1;
			remoteGlobalIDString = 2BA1B9EA1BDF89280023D4A0;
			remoteInfo = "Flea POP";
		};
/* End PBXContainerItemProxy section */

/* Begin PBXFileReference section */
		2BA1B9EB1BDF89280023D4A0 /* Flea POP.app */ = {isa = PBXFileReference; explicitFileType = wrapper.application; includeInIndex = 0; path = "Flea POP.app"; sourceTree = BUILT_PRODUCTS_DIR; };
		2BA1B9EF1BDF89280023D4A0 /* main.m */ = {isa = PBXFileReference; lastKnownFileType = sourcecode.c.objc; path = main.m; sourceTree = "<group>"; };
		2BA1B9F11BDF89280023D4A0 /* AppDelegate.h */ = {isa = PBXFileReference; lastKnownFileType = sourcecode.c.h; path = AppDelegate.h; sourceTree = "<group>"; };
		2BA1B9F21BDF89280023D4A0 /* AppDelegate.m */ = {isa = PBXFileReference; lastKnownFileType = sourcecode.c.objc; path = AppDelegate.m; sourceTree = "<group>"; };
		2BA1B9F51BDF89280023D4A0 /* Flea_POP.xcdatamodel */ = {isa = PBXFileReference; lastKnownFileType = wrapper.xcdatamodel; path = Flea_POP.xcdatamodel; sourceTree = "<group>"; };
		2BA1B9F71BDF89280023D4A0 /* MasterViewController.h */ = {isa = PBXFileReference; lastKnownFileType = sourcecode.c.h; path = MasterViewController.h; sourceTree = "<group>"; };
		2BA1B9F81BDF89280023D4A0 /* MasterViewController.m */ = {isa = PBXFileReference; lastKnownFileType = sourcecode.c.objc; path = MasterViewController.m; sourceTree = "<group>"; };
		2BA1B9FA1BDF89280023D4A0 /* DetailViewController.h */ = {isa = PBXFileReference; lastKnownFileType = sourcecode.c.h; path = DetailViewController.h; sourceTree = "<group>"; };
		2BA1B9FB1BDF89280023D4A0 /* DetailViewController.m */ = {isa = PBXFileReference; lastKnownFileType = sourcecode.c.objc; path = DetailViewController.m; sourceTree = "<group>"; };
		2BA1B9FE1BDF89280023D4A0 /* Base */ = {isa = PBXFileReference; lastKnownFileType = file.storyboard; name = Base; path = Base.lproj/Main.storyboard; sourceTree = "<group>"; };
		2BA1BA001BDF89280023D4A0 /* Assets.xcassets */ = {isa = PBXFileReference; lastKnownFileType = folder.assetcatalog; path = Assets.xcassets; sourceTree = "<group>"; };
		2BA1BA031BDF89280023D4A0 /* Base */ = {isa = PBXFileReference; lastKnownFileType = file.storyboard; name = Base; path = Base.lproj/LaunchScreen.storyboard; sourceTree = "<group>"; };
		2BA1BA051BDF89280023D4A0 /* Info.plist */ = {isa = PBXFileReference; lastKnownFileType = text.plist.xml; path = Info.plist; sourceTree = "<group>"; };
		2BA1BA0A1BDF89280023D4A0 /* Flea POPTests.xctest */ = {isa = PBXFileReference; explicitFileType = wrapper.cfbundle; includeInIndex = 0; path = "Flea POPTests.xctest"; sourceTree = BUILT_PRODUCTS_DIR; };
		2BA1BA0E1BDF89280023D4A0 /* Flea_POPTests.m */ = {isa = PBXFileReference; lastKnownFileType = sourcecode.c.objc; path = Flea_POPTests.m; sourceTree = "<group>"; };
		2BA1BA101BDF89280023D4A0 /* Info.plist */ = {isa = PBXFileReference; lastKnownFileType = text.plist.xml; path = Info.plist; sourceTree = "<group>"; };
		2BA1BA151BDF89280023D4A0 /* Flea POPUITests.xctest */ = {isa = PBXFileReference; explicitFileType = wrapper.cfbundle; includeInIndex = 0; path = "Flea POPUITests.xctest"; sourceTree = BUILT_PRODUCTS_DIR; };
		2BA1BA191BDF89280023D4A0 /* Flea_POPUITests.m */ = {isa = PBXFileReference; lastKnownFileType = sourcecode.c.objc; path = Flea_POPUITests.m; sourceTree = "<group>"; };
		2BA1BA1B1BDF89280023D4A0 /* Info.plist */ = {isa = PBXFileReference; lastKnownFileType = text.plist.xml; path = Info.plist; sourceTree = "<group>"; };
/* End PBXFileReference section */

/* Begin PBXFrameworksBuildPhase section */
		2BA1B9E81BDF89280023D4A0 /* Frameworks */ = {
			isa = PBXFrameworksBuildPhase;
			buildActionMask = 2147483647;
			files = (
			);
			runOnlyForDeploymentPostprocessing = 0;
		};
		2BA1BA071BDF89280023D4A0 /* Frameworks */ = {
			isa = PBXFrameworksBuildPhase;
			buildActionMask = 2147483647;
			files = (
			);
			runOnlyForDeploymentPostprocessing = 0;
		};
		2BA1BA121BDF89280023D4A0 /* Frameworks */ = {
			isa = PBXFrameworksBuildPhase;
			buildActionMask = 2147483647;
			files = (
			);
			runOnlyForDeploymentPostprocessing = 0;
		};
/* End PBXFrameworksBuildPhase section */

/* Begin PBXGroup section */
		2BA1B9E21BDF89270023D4A0 = {
			isa = PBXGroup;
			children = (
				2BA1B9ED1BDF89280023D4A0 /* Flea POP */,
				2BA1BA0D1BDF89280023D4A0 /* Flea POPTests */,
				2BA1BA181BDF89280023D4A0 /* Flea POPUITests */,
				2BA1B9EC1BDF89280023D4A0 /* Products */,
			);
			sourceTree = "<group>";
		};
		2BA1B9EC1BDF89280023D4A0 /* Products */ = {
			isa = PBXGroup;
			children = (
				2BA1B9EB1BDF89280023D4A0 /* Flea POP.app */,
				2BA1BA0A1BDF89280023D4A0 /* Flea POPTests.xctest */,
				2BA1BA151BDF89280023D4A0 /* Flea POPUITests.xctest */,
			);
			name = Products;
			sourceTree = "<group>";
		};
		2BA1B9ED1BDF89280023D4A0 /* Flea POP */ = {
			isa = PBXGroup;
			children = (
				2BA1BA271BDF8C350023D4A0 /* New Group */,
				2BA1B9F11BDF89280023D4A0 /* AppDelegate.h */,
				2BA1B9F21BDF89280023D4A0 /* AppDelegate.m */,
				2BA1B9F71BDF89280023D4A0 /* MasterViewController.h */,
				2BA1B9F81BDF89280023D4A0 /* MasterViewController.m */,
				2BA1B9FA1BDF89280023D4A0 /* DetailViewController.h */,
				2BA1B9FB1BDF89280023D4A0 /* DetailViewController.m */,
				2BA1B9FD1BDF89280023D4A0 /* Main.storyboard */,
				2BA1BA001BDF89280023D4A0 /* Assets.xcassets */,
				2BA1BA021BDF89280023D4A0 /* LaunchScreen.storyboard */,
				2BA1BA051BDF89280023D4A0 /* Info.plist */,
				2BA1B9F41BDF89280023D4A0 /* Flea_POP.xcdatamodeld */,
				2BA1B9EE1BDF89280023D4A0 /* Supporting Files */,
			);
			path = "Flea POP";
			sourceTree = "<group>";
		};
		2BA1B9EE1BDF89280023D4A0 /* Supporting Files */ = {
			isa = PBXGroup;
			children = (
				2BA1B9EF1BDF89280023D4A0 /* main.m */,
			);
			name = "Supporting Files";
			sourceTree = "<group>";
		};
		2BA1BA0D1BDF89280023D4A0 /* Flea POPTests */ = {
			isa = PBXGroup;
			children = (
				2BA1BA0E1BDF89280023D4A0 /* Flea_POPTests.m */,
				2BA1BA101BDF89280023D4A0 /* Info.plist */,
			);
			path = "Flea POPTests";
			sourceTree = "<group>";
		};
		2BA1BA181BDF89280023D4A0 /* Flea POPUITests */ = {
			isa = PBXGroup;
			children = (
				2BA1BA191BDF89280023D4A0 /* Flea_POPUITests.m */,
				2BA1BA1B1BDF89280023D4A0 /* Info.plist */,
			);
			path = "Flea POPUITests";
			sourceTree = "<group>";
		};
		2BA1BA271BDF8C350023D4A0 /* New Group */ = {
			isa = PBXGroup;
			children = (
			);
			name = "New Group";
			sourceTree = "<group>";
		};
/* End PBXGroup section */

/* Begin PBXNativeTarget section */
		2BA1B9EA1BDF89280023D4A0 /* Flea POP */ = {
			isa = PBXNativeTarget;
			buildConfigurationList = 2BA1BA1E1BDF89280023D4A0 /* Build configuration list for PBXNativeTarget "Flea POP" */;
			buildPhases = (
				2BA1B9E71BDF89280023D4A0 /* Sources */,
				2BA1B9E81BDF89280023D4A0 /* Frameworks */,
				2BA1B9E91BDF89280023D4A0 /* Resources */,
			);
			buildRules = (
			);
			dependencies = (
			);
			name = "Flea POP";
			productName = "Flea POP";
			productReference = 2BA1B9EB1BDF89280023D4A0 /* Flea POP.app */;
			productType = "com.apple.product-type.application";
		};
		2BA1BA091BDF89280023D4A0 /* Flea POPTests */ = {
			isa = PBXNativeTarget;
			buildConfigurationList = 2BA1BA211BDF89280023D4A0 /* Build configuration list for PBXNativeTarget "Flea POPTests" */;
			buildPhases = (
				2BA1BA061BDF89280023D4A0 /* Sources */,
				2BA1BA071BDF89280023D4A0 /* Frameworks */,
				2BA1BA081BDF89280023D4A0 /* Resources */,
			);
			buildRules = (
			);
			dependencies = (
				2BA1BA0C1BDF89280023D4A0 /* PBXTargetDependency */,
			);
			name = "Flea POPTests";
			productName = "Flea POPTests";
			productReference = 2BA1BA0A1BDF89280023D4A0 /* Flea POPTests.xctest */;
			productType = "com.apple.product-type.bundle.unit-test";
		};
		2BA1BA141BDF89280023D4A0 /* Flea POPUITests */ = {
			isa = PBXNativeTarget;
			buildConfigurationList = 2BA1BA241BDF89280023D4A0 /* Build configuration list for PBXNativeTarget "Flea POPUITests" */;
			buildPhases = (
				2BA1BA111BDF89280023D4A0 /* Sources */,
				2BA1BA121BDF89280023D4A0 /* Frameworks */,
				2BA1BA131BDF89280023D4A0 /* Resources */,
			);
			buildRules = (
			);
			dependencies = (
				2BA1BA171BDF89280023D4A0 /* PBXTargetDependency */,
			);
			name = "Flea POPUITests";
			productName = "Flea POPUITests";
			productReference = 2BA1BA151BDF89280023D4A0 /* Flea POPUITests.xctest */;
			productType = "com.apple.product-type.bundle.ui-testing";
		};
/* End PBXNativeTarget section */

/* Begin PBXProject section */
		2BA1B9E31BDF89270023D4A0 /* Project object */ = {
			isa = PBXProject;
			attributes = {
				LastUpgradeCheck = 0700;
				ORGANIZATIONNAME = ChoCraft;
				TargetAttributes = {
					2BA1B9EA1BDF89280023D4A0 = {
						CreatedOnToolsVersion = 7.0.1;
					};
					2BA1BA091BDF89280023D4A0 = {
						CreatedOnToolsVersion = 7.0.1;
						TestTargetID = 2BA1B9EA1BDF89280023D4A0;
					};
					2BA1BA141BDF89280023D4A0 = {
						CreatedOnToolsVersion = 7.0.1;
						TestTargetID = 2BA1B9EA1BDF89280023D4A0;
					};
				};
			};
			buildConfigurationList = 2BA1B9E61BDF89270023D4A0 /* Build configuration list for PBXProject "Flea POP" */;
			compatibilityVersion = "Xcode 3.2";
			developmentRegion = English;
			hasScannedForEncodings = 0;
			knownRegions = (
				en,
				Base,
			);
			mainGroup = 2BA1B9E21BDF89270023D4A0;
			productRefGroup = 2BA1B9EC1BDF89280023D4A0 /* Products */;
			projectDirPath = "";
			projectRoot = "";
			targets = (
				2BA1B9EA1BDF89280023D4A0 /* Flea POP */,
				2BA1BA091BDF89280023D4A0 /* Flea POPTests */,
				2BA1BA141BDF89280023D4A0 /* Flea POPUITests */,
			);
		};
/* End PBXProject section */

/* Begin PBXResourcesBuildPhase section */
		2BA1B9E91BDF89280023D4A0 /* Resources */ = {
			isa = PBXResourcesBuildPhase;
			buildActionMask = 2147483647;
			files = (
				2BA1BA041BDF89280023D4A0 /* LaunchScreen.storyboard in Resources */,
				2BA1BA011BDF89280023D4A0 /* Assets.xcassets in Resources */,
				2BA1B9FF1BDF89280023D4A0 /* Main.storyboard in Resources */,
			);
			runOnlyForDeploymentPostprocessing = 0;
		};
		2BA1BA081BDF89280023D4A0 /* Resources */ = {
			isa = PBXResourcesBuildPhase;
			buildActionMask = 2147483647;
			files = (
			);
			runOnlyForDeploymentPostprocessing = 0;
		};
		2BA1BA131BDF89280023D4A0 /* Resources */ = {
			isa = PBXResourcesBuildPhase;
			buildActionMask = 2147483647;
			files = (
			);
			runOnlyForDeploymentPostprocessing = 0;
		};
/* End PBXResourcesBuildPhase section */

/* Begin PBXSourcesBuildPhase section */
		2BA1B9E71BDF89280023D4A0 /* Sources */ = {
			isa = PBXSourcesBuildPhase;
			buildActionMask = 2147483647;
			files = (
				2BA1B9FC1BDF89280023D4A0 /* DetailViewController.m in Sources */,
				2BA1B9F91BDF89280023D4A0 /* MasterViewController.m in Sources */,
				2BA1B9F31BDF89280023D4A0 /* AppDelegate.m in Sources */,
				2BA1B9F01BDF89280023D4A0 /* main.m in Sources */,
				2BA1B9F61BDF89280023D4A0 /* Flea_POP.xcdatamodeld in Sources */,
			);
			runOnlyForDeploymentPostprocessing = 0;
		};
		2BA1BA061BDF89280023D4A0 /* Sources */ = {
			isa = PBXSourcesBuildPhase;
			buildActionMask = 2147483647;
			files = (
				2BA1BA0F1BDF89280023D4A0 /* Flea_POPTests.m in Sources */,
			);
			runOnlyForDeploymentPostprocessing = 0;
		};
		2BA1BA111BDF89280023D4A0 /* Sources */ = {
			isa = PBXSourcesBuildPhase;
			buildActionMask = 2147483647;
			files = (
				2BA1BA1A1BDF89280023D4A0 /* Flea_POPUITests.m in Sources */,
			);
			runOnlyForDeploymentPostprocessing = 0;
		};
/* End PBXSourcesBuildPhase section */

/* Begin PBXTargetDependency section */
		2BA1BA0C1BDF89280023D4A0 /* PBXTargetDependency */ = {
			isa = PBXTargetDependency;
			target = 2BA1B9EA1BDF89280023D4A0 /* Flea POP */;
			targetProxy = 2BA1BA0B1BDF89280023D4A0 /* PBXContainerItemProxy */;
		};
		2BA1BA171BDF89280023D4A0 /* PBXTargetDependency */ = {
			isa = PBXTargetDependency;
			target = 2BA1B9EA1BDF89280023D4A0 /* Flea POP */;
			targetProxy = 2BA1BA161BDF89280023D4A0 /* PBXContainerItemProxy */;
		};
/* End PBXTargetDependency section */

/* Begin PBXVariantGroup section */
		2BA1B9FD1BDF89280023D4A0 /* Main.storyboard */ = {
			isa = PBXVariantGroup;
			children = (
				2BA1B9FE1BDF89280023D4A0 /* Base */,
			);
			name = Main.storyboard;
			sourceTree = "<group>";
		};
		2BA1BA021BDF89280023D4A0 /* LaunchScreen.storyboard */ = {
			isa = PBXVariantGroup;
			children = (
				2BA1BA031BDF89280023D4A0 /* Base */,
			);
			name = LaunchScreen.storyboard;
			sourceTree = "<group>";
		};
/* End PBXVariantGroup section */

/* Begin XCBuildConfiguration section */
		2BA1BA1C1BDF89280023D4A0 /* Debug */ = {
			isa = XCBuildConfiguration;
			buildSettings = {
				ALWAYS_SEARCH_USER_PATHS = NO;
				CLANG_CXX_LANGUAGE_STANDARD = "gnu++0x";
				CLANG_CXX_LIBRARY = "libc++";
				CLANG_ENABLE_MODULES = YES;
				CLANG_ENABLE_OBJC_ARC = YES;
				CLANG_WARN_BOOL_CONVERSION = YES;
				CLANG_WARN_CONSTANT_CONVERSION = YES;
				CLANG_WARN_DIRECT_OBJC_ISA_USAGE = YES_ERROR;
				CLANG_WARN_EMPTY_BODY = YES;
				CLANG_WARN_ENUM_CONVERSION = YES;
				CLANG_WARN_INT_CONVERSION = YES;
				CLANG_WARN_OBJC_ROOT_CLASS = YES_ERROR;
				CLANG_WARN_UNREACHABLE_CODE = YES;
				CLANG_WARN__DUPLICATE_METHOD_MATCH = YES;
				"CODE_SIGN_IDENTITY[sdk=iphoneos*]" = "iPhone Developer";
				COPY_PHASE_STRIP = NO;
				DEBUG_INFORMATION_FORMAT = dwarf;
				ENABLE_STRICT_OBJC_MSGSEND = YES;
				ENABLE_TESTABILITY = YES;
				GCC_C_LANGUAGE_STANDARD = gnu99;
				GCC_DYNAMIC_NO_PIC = NO;
				GCC_NO_COMMON_BLOCKS = YES;
				GCC_OPTIMIZATION_LEVEL = 0;
				GCC_PREPROCESSOR_DEFINITIONS = (
					"DEBUG=1",
					"$(inherited)",
				);
				GCC_WARN_64_TO_32_BIT_CONVERSION = YES;
				GCC_WARN_ABOUT_RETURN_TYPE = YES_ERROR;
				GCC_WARN_UNDECLARED_SELECTOR = YES;
				GCC_WARN_UNINITIALIZED_AUTOS = YES_AGGRESSIVE;
				GCC_WARN_UNUSED_FUNCTION = YES;
				GCC_WARN_UNUSED_VARIABLE = YES;
				IPHONEOS_DEPLOYMENT_TARGET = 9.0;
				MTL_ENABLE_DEBUG_INFO = YES;
				ONLY_ACTIVE_ARCH = YES;
				SDKROOT = iphoneos;
				TARGETED_DEVICE_FAMILY = "1,2";
			};
			name = Debug;
		};
		2BA1BA1D1BDF89280023D4A0 /* Release */ = {
			isa = XCBuildConfiguration;
			buildSettings = {
				ALWAYS_SEARCH_USER_PATHS = NO;
				CLANG_CXX_LANGUAGE_STANDARD = "gnu++0x";
				CLANG_CXX_LIBRARY = "libc++";
				CLANG_ENABLE_MODULES = YES;
				CLANG_ENABLE_OBJC_ARC = YES;
				CLANG_WARN_BOOL_CONVERSION = YES;
				CLANG_WARN_CONSTANT_CONVERSION = YES;
				CLANG_WARN_DIRECT_OBJC_ISA_USAGE = YES_ERROR;
				CLANG_WARN_EMPTY_BODY = YES;
				CLANG_WARN_ENUM_CONVERSION = YES;
				CLANG_WARN_INT_CONVERSION = YES;
				CLANG_WARN_OBJC_ROOT_CLASS = YES_ERROR;
				CLANG_WARN_UNREACHABLE_CODE = YES;
				CLANG_WARN__DUPLICATE_METHOD_MATCH = YES;
				"CODE_SIGN_IDENTITY[sdk=iphoneos*]" = "iPhone Developer";
				COPY_PHASE_STRIP = NO;
				DEBUG_INFORMATION_FORMAT = "dwarf-with-dsym";
				ENABLE_NS_ASSERTIONS = NO;
				ENABLE_STRICT_OBJC_MSGSEND = YES;
				GCC_C_LANGUAGE_STANDARD = gnu99;
				GCC_NO_COMMON_BLOCKS = YES;
				GCC_WARN_64_TO_32_BIT_CONVERSION = YES;
				GCC_WARN_ABOUT_RETURN_TYPE = YES_ERROR;
				GCC_WARN_UNDECLARED_SELECTOR = YES;
				GCC_WARN_UNINITIALIZED_AUTOS = YES_AGGRESSIVE;
				GCC_WARN_UNUSED_FUNCTION = YES;
				GCC_WARN_UNUSED_VARIABLE = YES;
				IPHONEOS_DEPLOYMENT_TARGET = 9.0;
				MTL_ENABLE_DEBUG_INFO = NO;
				SDKROOT = iphoneos;
				TARGETED_DEVICE_FAMILY = "1,2";
				VALIDATE_PRODUCT = YES;
			};
			name = Release;
		};
		2BA1BA1F1BDF89280023D4A0 /* Debug */ = {
			isa = XCBuildConfiguration;
			buildSettings = {
				ASSETCATALOG_COMPILER_APPICON_NAME = AppIcon;
				INFOPLIST_FILE = "Flea POP/Info.plist";
				LD_RUNPATH_SEARCH_PATHS = "$(inherited) @executable_path/Frameworks";
				PRODUCT_BUNDLE_IDENTIFIER = "com.cho-craft.flea-pop.Flea-POP";
				PRODUCT_NAME = "$(TARGET_NAME)";
			};
			name = Debug;
		};
		2BA1BA201BDF89280023D4A0 /* Release */ = {
			isa = XCBuildConfiguration;
			buildSettings = {
				ASSETCATALOG_COMPILER_APPICON_NAME = AppIcon;
				INFOPLIST_FILE = "Flea POP/Info.plist";
				LD_RUNPATH_SEARCH_PATHS = "$(inherited) @executable_path/Frameworks";
				PRODUCT_BUNDLE_IDENTIFIER = "com.cho-craft.flea-pop.Flea-POP";
				PRODUCT_NAME = "$(TARGET_NAME)";
			};
			name = Release;
		};
		2BA1BA221BDF89280023D4A0 /* Debug */ = {
			isa = XCBuildConfiguration;
			buildSettings = {
				BUNDLE_LOADER = "$(TEST_HOST)";
				INFOPLIST_FILE = "Flea POPTests/Info.plist";
				LD_RUNPATH_SEARCH_PATHS = "$(inherited) @executable_path/Frameworks @loader_path/Frameworks";
				PRODUCT_BUNDLE_IDENTIFIER = "com.cho-craft.flea-pop.Flea-POPTests";
				PRODUCT_NAME = "$(TARGET_NAME)";
				TEST_HOST = "$(BUILT_PRODUCTS_DIR)/Flea POP.app/Flea POP";
			};
			name = Debug;
		};
		2BA1BA231BDF89280023D4A0 /* Release */ = {
			isa = XCBuildConfiguration;
			buildSettings = {
				BUNDLE_LOADER = "$(TEST_HOST)";
				INFOPLIST_FILE = "Flea POPTests/Info.plist";
				LD_RUNPATH_SEARCH_PATHS = "$(inherited) @executable_path/Frameworks @loader_path/Frameworks";
				PRODUCT_BUNDLE_IDENTIFIER = "com.cho-craft.flea-pop.Flea-POPTests";
				PRODUCT_NAME = "$(TARGET_NAME)";
				TEST_HOST = "$(BUILT_PRODUCTS_DIR)/Flea POP.app/Flea POP";
			};
			name = Release;
		};
		2BA1BA251BDF89280023D4A0 /* Debug */ = {
			isa = XCBuildConfiguration;
			buildSettings = {
				INFOPLIST_FILE = "Flea POPUITests/Info.plist";
				LD_RUNPATH_SEARCH_PATHS = "$(inherited) @executable_path/Frameworks @loader_path/Frameworks";
				PRODUCT_BUNDLE_IDENTIFIER = "com.cho-craft.flea-pop.Flea-POPUITests";
				PRODUCT_NAME = "$(TARGET_NAME)";
				TEST_TARGET_NAME = "Flea POP";
				USES_XCTRUNNER = YES;
			};
			name = Debug;
		};
		2BA1BA261BDF89280023D4A0 /* Release */ = {
			isa = XCBuildConfiguration;
			buildSettings = {
				INFOPLIST_FILE = "Flea POPUITests/Info.plist";
				LD_RUNPATH_SEARCH_PATHS = "$(inherited) @executable_path/Frameworks @loader_path/Frameworks";
				PRODUCT_BUNDLE_IDENTIFIER = "com.cho-craft.flea-pop.Flea-POPUITests";
				PRODUCT_NAME = "$(TARGET_NAME)";
				TEST_TARGET_NAME = "Flea POP";
				USES_XCTRUNNER = YES;
			};
			name = Release;
		};
/* End XCBuildConfiguration section */

/* Begin XCConfigurationList section */
		2BA1B9E61BDF89270023D4A0 /* Build configuration list for PBXProject "Flea POP" */ = {
			isa = XCConfigurationList;
			buildConfigurations = (
				2BA1BA1C1BDF89280023D4A0 /* Debug */,
				2BA1BA1D1BDF89280023D4A0 /* Release */,
			);
			defaultConfigurationIsVisible = 0;
			defaultConfigurationName = Release;
		};
		2BA1BA1E1BDF89280023D4A0 /* Build configuration list for PBXNativeTarget "Flea POP" */ = {
			isa = XCConfigurationList;
			buildConfigurations = (
				2BA1BA1F1BDF89280023D4A0 /* Debug */,
				2BA1BA201BDF89280023D4A0 /* Release */,
			);
			defaultConfigurationIsVisible = 0;
			defaultConfigurationName = Release;
		};
		2BA1BA211BDF89280023D4A0 /* Build configuration list for PBXNativeTarget "Flea POPTests" */ = {
			isa = XCConfigurationList;
			buildConfigurations = (
				2BA1BA221BDF89280023D4A0 /* Debug */,
				2BA1BA231BDF89280023D4A0 /* Release */,
			);
			defaultConfigurationIsVisible = 0;
			defaultConfigurationName = Release;
		};
		2BA1BA241BDF89280023D4A0 /* Build configuration list for PBXNativeTarget "Flea POPUITests" */ = {
			isa = XCConfigurationList;
			buildConfigurations = (
				2BA1BA251BDF89280023D4A0 /* Debug */,
				2BA1BA261BDF89280023D4A0 /* Release */,
			);
			defaultConfigurationIsVisible = 0;
			defaultConfigurationName = Release;
		};
/* End XCConfigurationList section */

/* Begin XCVersionGroup section */
		2BA1B9F41BDF89280023D4A0 /* Flea_POP.xcdatamodeld */ = {
			isa = XCVersionGroup;
			children = (
				2BA1B9F51BDF89280023D4A0 /* Flea_POP.xcdatamodel */,
			);
			currentVersion = 2BA1B9F51BDF89280023D4A0 /* Flea_POP.xcdatamodel */;
			path = Flea_POP.xcdatamodeld;
			sourceTree = "<group>";
			versionGroupType = wrapper.xcdatamodel;
		};
/* End XCVersionGroup section */
	};
	rootObject = 2BA1B9E31BDF89270023D4A0 /* Project object */;
}
